# This file was autogenerated by Stack.
# You should not edit this file by hand.
# For more information, please see the documentation at:
#   https://docs.haskellstack.org/en/stable/lock_files

packages:
- completed:
    name: sprockell
    pantry-tree:
      sha256: 1c405247c21a1acae291728b8a58d463622a11e7f6433be96a37410c05cab4d7
      size: 1303
    sha256: eba46c173c35ebe31313fa4849d1b80f0acc1ed6bae52fde0467fc7af69a5100
    size: 17277
    url: https://github.com/bobismijnnaam/sprockell/archive/167ad247356ba4f0a236d11d6093aebd36ed62e7.tar.gz
    version: 2022.0.0
  original:
    url: https://github.com/bobismijnnaam/sprockell/archive/167ad247356ba4f0a236d11d6093aebd36ed62e7.tar.gz
snapshots:
- completed:
    sha256: d4ee004c46ba878d2f304f5d748d493057be579192a8d148527f3ba55c9df57f
    size: 618683
    url: https://raw.githubusercontent.com/commercialhaskell/stackage-snapshots/master/lts/19/4.yaml
  original:
    url: https://raw.githubusercontent.com/commercialhaskell/stackage-snapshots/master/lts/19/4.yaml
